
Microsoft Visual Studio Solution File, Format Version 12.00
# Visual Studio 15
VisualStudioVersion = 15.0.27703.2000
MinimumVisualStudioVersion = 10.0.40219.1
Project("{FAE04EC0-301F-11D3-BF4B-00C04F79EFBC}") = "EPAM_MethodsInDetails", "EPAM_MethodsInDetails\EPAM_MethodsInDetails.csproj", "{B2FBF5A0-2301-4E24-84F9-0E7D689EE66F}"
EndProject
Global
	GlobalSection(SolutionConfigurationPlatforms) = preSolution
		Debug|Any CPU = Debug|Any CPU
		Release|Any CPU = Release|Any CPU
	EndGlobalSection
	GlobalSection(ProjectConfigurationPlatforms) = postSolution
		{B2FBF5A0-2301-4E24-84F9-0E7D689EE66F}.Debug|Any CPU.ActiveCfg = Debug|Any CPU
		{B2FBF5A0-2301-4E24-84F9-0E7D689EE66F}.Debug|Any CPU.Build.0 = Debug|Any CPU
		{B2FBF5A0-2301-4E24-84F9-0E7D689EE66F}.Release|Any CPU.ActiveCfg = Release|Any CPU
		{B2FBF5A0-2301-4E24-84F9-0E7D689EE66F}.Release|Any CPU.Build.0 = Release|Any CPU
	EndGlobalSection
	GlobalSection(SolutionProperties) = preSolution
		HideSolutionNode = FALSE
	EndGlobalSection
	GlobalSection(ExtensibilityGlobals) = postSolution
		SolutionGuid = {40ED4B89-ED98-4AEC-8184-7F84073D141F}
	EndGlobalSection
EndGlobal
